{
    "version": 3,
    "terraform_version": "0.11.7",
    "serial": 6,
    "lineage": "a56c3e7c-18e8-37fc-d745-5ce8c9200a61",
    "modules": [
        {
            "path": [
                "root"
            ],
            "outputs": {},
            "resources": {},
            "depends_on": []
        },
        {
            "path": [
                "root",
                "gke"
            ],
            "outputs": {},
            "resources": {
                "google_container_cluster.primary": {
                    "type": "google_container_cluster",
                    "depends_on": [],
                    "primary": {
                        "id": "hanifa1",
                        "attributes": {
                            "additional_zones.#": "0",
                            "addons_config.#": "1",
                            "addons_config.0.horizontal_pod_autoscaling.#": "0",
                            "addons_config.0.http_load_balancing.#": "0",
                            "addons_config.0.kubernetes_dashboard.#": "0",
                            "addons_config.0.network_policy_config.#": "1",
                            "addons_config.0.network_policy_config.0.disabled": "true",
                            "cluster_ipv4_cidr": "10.12.0.0/14",
                            "description": "",
                            "enable_kubernetes_alpha": "false",
                            "enable_legacy_abac": "false",
                            "endpoint": "35.193.124.6",
                            "id": "hanifa1",
                            "initial_node_count": "1",
                            "instance_group_urls.#": "1",
                            "instance_group_urls.0": "https://www.googleapis.com/compute/v1/projects/a8uhnf-207915/zones/us-central1-a/instanceGroups/gke-hanifa1-default-pool-dbe8b1dd-grp",
                            "ip_allocation_policy.#": "0",
                            "logging_service": "none",
                            "maintenance_policy.#": "0",
                            "master_auth.#": "1",
                            "master_auth.0.client_certificate": "LS0tLS1CRUdJTiBDRVJUSUZJQ0FURS0tLS0tCk1JSUMyekNDQWNPZ0F3SUJBZ0lSQUxqWHJYaGYrTkFEZ2M2cnBwaU5nK3N3RFFZSktvWklodmNOQVFFTEJRQXcKTHpFdE1Dc0dBMVVFQXhNa00yRm1OMkU1Tm1JdE0yRTVaaTAwTVdJNExXRm1Oekl0TWpneU4ySXlOakptWVRjeApNQjRYRFRFNE1EZ3dNekUyTkRBME5sb1hEVEl6TURnd01qRTJOREEwTmxvd0VURVBNQTBHQTFVRUF4TUdZMnhwClpXNTBNSUlCSWpBTkJna3Foa2lHOXcwQkFRRUZBQU9DQVE4QU1JSUJDZ0tDQVFFQWg3NzFId1ZCL3RWNmhQemwKMG5kVVFUanEwMWh3VTF6UHlrRHNqeWNTT1ZJVDVXS3RBOE82TXJtZDdBWTVleGZUUUlpTkdtSjU1cytuTkR1dAo1LzdldVRxaVIwSEg0WUFmNjFFUFY2a1ZpY1U2elU0aGZ1bFhWK0NISnc4MWVPdzdIMUhCZDZ5dFMwbFU4T1hlCnBONTgxZVEvY2tKQVp2RUx2eFdZNTdQVTIvSlYreGdKZ1RaT1poOEZlQUMwS1VYQmNUcFExSmtFOS8yZUFOMysKaXRJcTVOWXU0OUdBc1l2MW5EbFQrZWY0ck1ZcSt4T2I4ZE9leHZWTlZuVnAxSFpMZi9ma00yUTRDMTAvamx6SgpBY2hKQlA2dWFZMm56SUwyVmF0M2FYMkRweUNwVGY2SWRoVWt4eDF0ZytuY1E2WWRPOE50ZC81Tk1oSGUvbWcyClcxOGNZUUlEQVFBQm94QXdEakFNQmdOVkhSTUJBZjhFQWpBQU1BMEdDU3FHU0liM0RRRUJDd1VBQTRJQkFRQ3gKaW55ekplS3NhZVUyTTEzL29ONHZ0NllUL1YwYVRlckwxNVR4a0FXRWxmMG1jeXBnSEtUSTk2Wm9uT0hrbmwvWQpMUzRoOVpyTGpPVjNsbXZkaXk2czdmcDhQTFdVWjFPTXdSdi91RnNsbjZ2VE9pYWtCOEhuUTF0bTNmdkZZaEpUCkF6MzJDQ2dCVHJiVTdDREJ0NzQ3d2lOSVQ5VzRBMTZCZGFxVWx6NEh1MTdSc3VSN3VTNXB6WGFuaGFwTkFDMWgKcWZIb0lsVGs4SnJVcTZWY0xqallGb2xTQjcwREVTM1J3aXFqUDdVdEptQ2U1S0M0YkRKakVnZGczT2hQM0RROQoycHZ2T050N2FxemZGVFJtNnIxQS9sUUxnMDZCQzRpYTJNRWxMOGMzN2FmeXBvZDVCMjFBM2xDVE1HMkFBUlRVCnprTTZZSDBtY0hScWx3eTJHeGEwCi0tLS0tRU5EIENFUlRJRklDQVRFLS0tLS0K",
                            "master_auth.0.client_certificate_config.#": "0",
                            "master_auth.0.client_key": "LS0tLS1CRUdJTiBSU0EgUFJJVkFURSBLRVktLS0tLQpNSUlFb3dJQkFBS0NBUUVBaDc3MUh3VkIvdFY2aFB6bDBuZFVRVGpxMDFod1UxelB5a0RzanljU09WSVQ1V0t0CkE4TzZNcm1kN0FZNWV4ZlRRSWlOR21KNTVzK25ORHV0NS83ZXVUcWlSMEhINFlBZjYxRVBWNmtWaWNVNnpVNGgKZnVsWFYrQ0hKdzgxZU93N0gxSEJkNnl0UzBsVThPWGVwTjU4MWVRL2NrSkFadkVMdnhXWTU3UFUyL0pWK3hnSgpnVFpPWmg4RmVBQzBLVVhCY1RwUTFKa0U5LzJlQU4zK2l0SXE1Tll1NDlHQXNZdjFuRGxUK2VmNHJNWXEreE9iCjhkT2V4dlZOVm5WcDFIWkxmL2ZrTTJRNEMxMC9qbHpKQWNoSkJQNnVhWTJueklMMlZhdDNhWDJEcHlDcFRmNkkKZGhVa3h4MXRnK25jUTZZZE84TnRkLzVOTWhIZS9tZzJXMThjWVFJREFRQUJBb0lCQUFYRngvVXgrZEVUd3VBWQovbHRXa3I1Q3djZmM4eERNR2J5OTRMRnZCRHdQaEJLZzZnVGo2eUYwRnYvb0s2ekhWbDQ5WjVwYklvYnp0VGZMCkF0RkZsYk1EY002U3FZSENHR1VINDcvb3RNbHpwYjR2T3N5YTM1VWhESnpYRy9XRkVBbE5iRk5jQkJZREJlaWwKTHBGcUEyOGF2ZlBKaFkzZUNHRXAwcU5nS2ZWRnRlK04wTTZoWXptQWNMVlRIcFJ4bVoyRjZwMVYzbGY3K1JtKwpueno1Z05XYVJKd0ZtT3N4YUNVR2xqZDV3RVlyMDJwekhVOTJham5HKzMwZldYeHhTZWpKcXUyNHlYYkswb0g4CnFUaDZyMGpqbGhhQ2NsL3pBRlM4bHltZTFQL0dBZTJkdlVSY29DWEhXUEozT1cvOSthYUVRNmRKMm5KdEpULzkKS3lWMVBaOENnWUVBdXNWZnVVT0F4TzI2ZjFpSWVZVldudzAxVGppN25aZ2MzL1k0aThmMUpjZkJ1Z3h0KzhiTgpRSFlDZkpjRGIrbUdLNkJXYnJHK1Y4bkZHWHJqN2FsSHNNdXFEZThRbFQyQkhFVDhrNkt5QXlqZlkrWEk4ZGU2ClRvV0dma2Q5by9VcFVjS3NhdWZKV1IwbmtZOHZsVGRyMDlLOUV4UW96SVF1ZlQ5VWJ5Q2RSY3NDZ1lFQXVnL1YKMVVFWUYyeUIxUGhQQTk4UnE5QS9xemUxbWRlaldXNHFPRnRLSlhtV05JWUVyS2Zrd20zQjc1RnMyT2J5ck8zOQpsZ2ZheEsxU0g1Q0F3ZFgrUnIyTGxpSElCOFNnaUhBdGxLU2NONXh6MDRYQXJnRGg5eW5pQ1NSMGYvQUUwbnFKCmtlaHM4VUFZbjNQREUwNzRMK010UW5QTHFCT2oydTBjL0NDVWdRTUNnWUJHeU9NY2pjN1IwOTlvd0I4SkgxWFMKOWVpTCtzaHdVK1F0cFYyTTdIMm1rZXlFSEkzYWJHQUIzRGZaREVyTE1WQWVYS2dsVDh2NTdZaDd2YTJBdHpWcQpkZVcvWGltRXhraVdkRGJkcFQyZUlQRjVKTzloYVFjOUZ6SC96Z3g2QlVKaHNFdzBRQ0I1VzZsUmExajNUb2ZaClFmZFNzY004cjZRRzUrZVNMbVFzdlFLQmdRQ0tEemYyM2k4M0trK0lMSnZNM3BlcEtvUWowdG1RaHQ1eGZIb2QKaVRlU2FRN1llRjA5ay9MOWhoMnlXdkV1WE9mVEEyRDRFMm4wS0R0WXFvdXZ5TTY5eE9XdmgrOTZQQjkyUGU3RQpiZ1J3aTBteXVYdUlZYVZLRml6ZjVjb0FLS1FiWGN0NGxjTkltK3ZwWFNkeHkxWURpb2xKMXN4V01nU1NiUURsCjRITHc2d0tCZ0doQ0hvUGNxcXEwOUpxNStCQ2trVHRnY1hXSzZzMlFQM3hVZS9SSmVpTDlFSWYrRVBDbWRmQXAKQnpXb2FQYVpkQXJqR2pKbGRUNlBiYlIzbkFxQTlIZ290eWgyZEtaT2hFTE5xeDlFemdqWnNoREVzaVFOWXB6agpPZXViOE8yallSZGhGLy9IWURxbXZkTWJwZFJpdnRWbWVaNXdhYWtHTURzcDBtMVZtZFFGCi0tLS0tRU5EIFJTQSBQUklWQVRFIEtFWS0tLS0tCg==",
                            "master_auth.0.cluster_ca_certificate": "LS0tLS1CRUdJTiBDRVJUSUZJQ0FURS0tLS0tCk1JSURDekNDQWZPZ0F3SUJBZ0lRT3Rvc0JIYUJINVd0ZmJtcFlCUlByekFOQmdrcWhraUc5dzBCQVFzRkFEQXYKTVMwd0t3WURWUVFERXlRellXWTNZVGsyWWkwellUbG1MVFF4WWpndFlXWTNNaTB5T0RJM1lqSTJNbVpoTnpFdwpIaGNOTVRnd09EQXpNVFUwTURRMVdoY05Nak13T0RBeU1UWTBNRFExV2pBdk1TMHdLd1lEVlFRREV5UXpZV1kzCllUazJZaTB6WVRsbUxUUXhZamd0WVdZM01pMHlPREkzWWpJMk1tWmhOekV3Z2dFaU1BMEdDU3FHU0liM0RRRUIKQVFVQUE0SUJEd0F3Z2dFS0FvSUJBUUM4SmRscTJoTDFOYUNmblpyZzN1NEkxb0ZDOXZIeDV5SkVVeUdYSDE4WAowNGZ3QjdoemNqUkQ3M3pDLzc4eTVncmJMc0lzbEVmNGVwQ3lVYzlKR29TTmhFeTFkZnIvWmU1L2lmLzU2OVlBCmFEZkp5SDY3dy9ZTXhEa2hHZWZGc21zK1pqVG1SYzRPSkdpY21xVEpkcU9KL0p0ajdmaDZZQ2hmTUVWWDY2dDkKTHA4Y1NvZ0JDaVNpK0FEUmN3SThIQjFtR2Q4MDA1ekZSKzNNVE52ZUZzUy84a1QreEF6OURKdjJ3c3hXaldoOApGZjQxR3U3UU9RL1R1VWY2MTV4RjVSY3gxRVdqOHVYcEg1QTZYdS8ySEF5Q1FwWThaNXpmTWNxbVIwalpEdU8xCmlUYkQ4YTQ3Z3F1b2pqZEpwemF3a3ptSzZSVUtmTjNreC9JNFR3WjNveGR0QWdNQkFBR2pJekFoTUE0R0ExVWQKRHdFQi93UUVBd0lDQkRBUEJnTlZIUk1CQWY4RUJUQURBUUgvTUEwR0NTcUdTSWIzRFFFQkN3VUFBNElCQVFBOApuYU82OUsweGliNS9sVEwrbG5GZERIcUdGdDFBTHhrZmhUNUg1L0hWT2o1RXAveTBJS3lpZ0dnTi9TL2p1Y2x4CnVGQUZkWnFpcWRrdFN5bjZjZmhlQXF0ekhLSG1hbUcxRHl4MURvUVVXa095bEdwUFJUdnRlUWFETFZuM3lIdWgKNmFNZGJheFFvQmJvQytMOTBseDBzZVFFUjFvQ2RmL1kxNklBVWpvQjFWYjIzQTNxSDZxMkU4UnBKak1SSWZXcAozYW0xLzBsaGRQMjNzSVlXMnFmR1RvcS9UOVh4dUJuWFVmNThuYVFzMnEzRXZzRjd2alFZa0I1MDAveFdDb1ZFCkNlTXdwS21TL0tlVmNoV0ZiU0JaU05zVzRHTER0UEd1YkhtYUZEcVI2b3Z4Ym9lSlNLMFlvWjRpZWJGMkFoNWMKWkxuQ3F0OWZhTFY3UFAwbzMwUXYKLS0tLS1FTkQgQ0VSVElGSUNBVEUtLS0tLQo=",
                            "master_auth.0.password": "MYGX8vD6j43mZvyb",
                            "master_auth.0.username": "admin",
                            "master_authorized_networks_config.#": "0",
                            "master_ipv4_cidr_block": "",
                            "master_version": "1.9.7-gke.3",
                            "monitoring_service": "monitoring.googleapis.com",
                            "name": "hanifa1",
                            "network": "projects/a8uhnf-207915/global/networks/default",
                            "network_policy.#": "1",
                            "network_policy.0.enabled": "false",
                            "network_policy.0.provider": "PROVIDER_UNSPECIFIED",
                            "node_config.#": "1",
                            "node_config.0.disk_size_gb": "100",
                            "node_config.0.disk_type": "pd-standard",
                            "node_config.0.guest_accelerator.#": "0",
                            "node_config.0.image_type": "COS",
                            "node_config.0.labels.%": "0",
                            "node_config.0.local_ssd_count": "0",
                            "node_config.0.machine_type": "n1-standard-1",
                            "node_config.0.metadata.%": "0",
                            "node_config.0.min_cpu_platform": "",
                            "node_config.0.oauth_scopes.#": "4",
                            "node_config.0.oauth_scopes.1277378754": "https://www.googleapis.com/auth/monitoring",
                            "node_config.0.oauth_scopes.1632638332": "https://www.googleapis.com/auth/devstorage.read_only",
                            "node_config.0.oauth_scopes.172152165": "https://www.googleapis.com/auth/logging.write",
                            "node_config.0.oauth_scopes.299962681": "https://www.googleapis.com/auth/compute",
                            "node_config.0.preemptible": "false",
                            "node_config.0.service_account": "default",
                            "node_config.0.tags.#": "0",
                            "node_config.0.taint.#": "0",
                            "node_config.0.workload_metadata_config.#": "0",
                            "node_pool.#": "1",
                            "node_pool.0.autoscaling.#": "0",
                            "node_pool.0.initial_node_count": "1",
                            "node_pool.0.instance_group_urls.#": "1",
                            "node_pool.0.instance_group_urls.0": "https://www.googleapis.com/compute/v1/projects/a8uhnf-207915/zones/us-central1-a/instanceGroupManagers/gke-hanifa1-default-pool-dbe8b1dd-grp",
                            "node_pool.0.management.#": "1",
                            "node_pool.0.management.0.auto_repair": "false",
                            "node_pool.0.management.0.auto_upgrade": "false",
                            "node_pool.0.name": "default-pool",
                            "node_pool.0.name_prefix": "",
                            "node_pool.0.node_config.#": "1",
                            "node_pool.0.node_config.0.disk_size_gb": "100",
                            "node_pool.0.node_config.0.disk_type": "pd-standard",
                            "node_pool.0.node_config.0.guest_accelerator.#": "0",
                            "node_pool.0.node_config.0.image_type": "COS",
                            "node_pool.0.node_config.0.labels.%": "0",
                            "node_pool.0.node_config.0.local_ssd_count": "0",
                            "node_pool.0.node_config.0.machine_type": "n1-standard-1",
                            "node_pool.0.node_config.0.metadata.%": "0",
                            "node_pool.0.node_config.0.min_cpu_platform": "",
                            "node_pool.0.node_config.0.oauth_scopes.#": "4",
                            "node_pool.0.node_config.0.oauth_scopes.1277378754": "https://www.googleapis.com/auth/monitoring",
                            "node_pool.0.node_config.0.oauth_scopes.1632638332": "https://www.googleapis.com/auth/devstorage.read_only",
                            "node_pool.0.node_config.0.oauth_scopes.172152165": "https://www.googleapis.com/auth/logging.write",
                            "node_pool.0.node_config.0.oauth_scopes.299962681": "https://www.googleapis.com/auth/compute",
                            "node_pool.0.node_config.0.preemptible": "false",
                            "node_pool.0.node_config.0.service_account": "default",
                            "node_pool.0.node_config.0.tags.#": "0",
                            "node_pool.0.node_config.0.taint.#": "0",
                            "node_pool.0.node_config.0.workload_metadata_config.#": "0",
                            "node_pool.0.node_count": "1",
                            "node_pool.0.version": "1.9.7-gke.3",
                            "node_version": "1.9.7-gke.3",
                            "pod_security_policy_config.#": "0",
                            "private_cluster": "false",
                            "project": "a8uhnf-207915",
                            "resource_labels.%": "0",
                            "subnetwork": "projects/a8uhnf-207915/regions/us-central1/subnetworks/default",
                            "zone": "us-central1-a"
                        },
                        "meta": {
                            "e2bfb730-ecaa-11e6-8f88-34363bc7c4c0": {
                                "create": 1800000000000,
                                "delete": 600000000000,
                                "update": 600000000000
                            },
                            "schema_version": "1"
                        },
                        "tainted": false
                    },
                    "deposed": [],
                    "provider": "module.gke.provider.google"
                }
            },
            "depends_on": []
        }
    ]
}
