{
    "version": 3,
    "terraform_version": "0.11.7",
    "serial": 3,
    "lineage": "537fb1c6-10aa-8ef7-498e-a63dddca7da3",
    "modules": [
        {
            "path": [
                "root"
            ],
            "outputs": {},
            "resources": {
                "google_container_cluster.primary": {
                    "type": "google_container_cluster",
                    "depends_on": [],
                    "primary": {
                        "id": "hanifa",
                        "attributes": {
                            "additional_zones.#": "0",
                            "addons_config.#": "1",
                            "addons_config.0.horizontal_pod_autoscaling.#": "0",
                            "addons_config.0.http_load_balancing.#": "0",
                            "addons_config.0.kubernetes_dashboard.#": "0",
                            "addons_config.0.network_policy_config.#": "1",
                            "addons_config.0.network_policy_config.0.disabled": "true",
                            "cluster_ipv4_cidr": "10.52.0.0/14",
                            "description": "",
                            "enable_kubernetes_alpha": "false",
                            "enable_legacy_abac": "false",
                            "endpoint": "104.197.222.153",
                            "id": "hanifa",
                            "initial_node_count": "2",
                            "instance_group_urls.#": "1",
                            "instance_group_urls.0": "https://www.googleapis.com/compute/v1/projects/a8uhnf2/zones/us-central1-a/instanceGroups/gke-hanifa-default-pool-8b3363dc-grp",
                            "ip_allocation_policy.#": "0",
                            "logging_service": "logging.googleapis.com",
                            "maintenance_policy.#": "0",
                            "master_auth.#": "1",
                            "master_auth.0.client_certificate": "LS0tLS1CRUdJTiBDRVJUSUZJQ0FURS0tLS0tCk1JSUMyekNDQWNPZ0F3SUJBZ0lSQUtMTkRJNGxra3ZuSXFaWUhTeFUvblV3RFFZSktvWklodmNOQVFFTEJRQXcKTHpFdE1Dc0dBMVVFQXhNa05UbG1OREl3TTJZdE16UTRPUzAwTURZd0xUazRNbVl0WmpJMFpURXhZekE1TUdFeApNQjRYRFRFNE1EY3dNakV4TlRBeE1Wb1hEVEl6TURjd01URXhOVEF4TVZvd0VURVBNQTBHQTFVRUF4TUdZMnhwClpXNTBNSUlCSWpBTkJna3Foa2lHOXcwQkFRRUZBQU9DQVE4QU1JSUJDZ0tDQVFFQXBCN1FRcGlEWnEyVW5vbDAKVHEyd2YrNEZOUmN5NEE2amNURnp0eWZVR0RrS29GSmtEVGVNMWRMc2krZkJrS0p2UGxpbzFqdnYveUJ5N2sragpGeXlMUHN2ZUtTRFZMOHNISHQ5RTZLR1JTVDJ2TnJlYWxIaTZvMUhFd29OQ1Z6Nmt6WUxBY01JZGxuV0lBcktHCjE1WWszK3RLaE5FaFB0eXdhMkh0Nmdxc3J6d09GT3hUUUVTMEM1MHhmaW8wQVBjRmFDWUtRWjNuV0dDdTlPeFIKcnRyeDBRck01c3Iwdlk2aW1DYkpMUGhWZ1ExbGVFTTVvd2E4WHYxZkUzM0FBZXNHUXFhWWt3a1BPMzBFRDNGKwpNcFRJZnhFaFRNMHl5ekw3Tzk5V0V2TTBDWXVXdVBNVEVWY1o0cXJZOUZPWldZTDJ1TWk1VDJ6akFObGVkclc4ClZ5K3lTUUlEQVFBQm94QXdEakFNQmdOVkhSTUJBZjhFQWpBQU1BMEdDU3FHU0liM0RRRUJDd1VBQTRJQkFRQnMKdno1dWRiY2ZCcTRLZnJ2aitmSXZTRWJiYW8vZFMzZ3RuOFUvdUdSNzRXR3Myc0dDejNVeWlzU21JL0M0VFkzbwp1L2xYRFB0dFJGZjY1eEhOc0sxSE93dFM0Umo4WWJmM1RwUTZ3RThWcGdyWlpROGVkZzNPNGsxYUozcHZ5Y2pZCnVoUko0ZDJoazB5YnFWTnVEeG0zWUhGZ3A4R3ZpTFFOd29TUUJZYWxHbmpnWjVIbUlkZWhMYy9iWW4yWElKcGIKV0plUFhJeUZxdUJscUUzdXhZaTVpWHBkMmtJQXVjakg0TGxQWkNnRkZRZkdXeHdyNkNSZ2dDcFJrT1JEc0hjQgo2eSs3MnpqQVFqbjBkbVlpOEdrNFg4ZEUzNFozMUxzTlhFeFZHaTlYNzJTZDVXZFloV21xdGZNSzFzQjJLUkE5CkVoVzRxOWNVckZlTHhvMUxvWUwxCi0tLS0tRU5EIENFUlRJRklDQVRFLS0tLS0K",
                            "master_auth.0.client_certificate_config.#": "0",
                            "master_auth.0.client_key": "LS0tLS1CRUdJTiBSU0EgUFJJVkFURSBLRVktLS0tLQpNSUlFcEFJQkFBS0NBUUVBcEI3UVFwaURacTJVbm9sMFRxMndmKzRGTlJjeTRBNmpjVEZ6dHlmVUdEa0tvRkprCkRUZU0xZExzaStmQmtLSnZQbGlvMWp2di95Qnk3aytqRnl5TFBzdmVLU0RWTDhzSEh0OUU2S0dSU1Qydk5yZWEKbEhpNm8xSEV3b05DVno2a3pZTEFjTUlkbG5XSUFyS0cxNVlrMyt0S2hORWhQdHl3YTJIdDZncXNyendPRk94VApRRVMwQzUweGZpbzBBUGNGYUNZS1FaM25XR0N1OU94UnJ0cngwUXJNNXNyMHZZNmltQ2JKTFBoVmdRMWxlRU01Cm93YThYdjFmRTMzQUFlc0dRcWFZa3drUE8zMEVEM0YrTXBUSWZ4RWhUTTB5eXpMN085OVdFdk0wQ1l1V3VQTVQKRVZjWjRxclk5Rk9aV1lMMnVNaTVUMnpqQU5sZWRyVzhWeSt5U1FJREFRQUJBb0lCQUIwbGw4anIreEltSzZuSQpNWTZ6akEvOFBwS0NMemZaZ2E5ZG4vWmNMVytyMmJaRlM1MkpTd3JDYmQ0ZTU2Si9KcENGQUY4anYraW9ZNkR0CkpjSzgxM0hzbE9UcS90R0JGaCttZVQ5elNqRWVzbHBlV3lhWkZsUmc5amV4UmZ2bWxUQW1VM1R6Rkh3ZkhXdVYKTnh0Y2Yrb0FpSGgwQjVwNWFSOTVBZDY1ekpkR0kwOU45TFVXV2ovd3pxVDJ6RkwvNFF3WXFmcXJOMUVzUzFiago2eGg2TjJyZDZpS3JGZERZSHZJNjd2TVVlaHVuenNOYm9mUTYrNmhJblhWWmVXeS9TWklLMGpWN1gyMk0vVktDCm1naEZMWU1kaDRCRVhyWnBndFJXMi9aYXZYNzdwY3p2QXdvVkVZUDc3V2ZzbS9DTlFDOG9vWHB5b0N1bDFPK0cKa1AvVXRYRUNnWUVBem1scnU5K2ZveHpPWXI1MDBIL1FtQlN6QVllamNvZkpQTFZtWUhlMk4vT2djWUMrZmk5MQpTVm5ZZjZsSVEvc3pEVDkzR1hoZGlHc2JwUXFEU2Q2YmwvN0NMSnlIUjk5RXQxTGJacmh0NW5LaG0wUy9GdmpwCjRSbzdqNElJcEZhS2tqMDM3d05CcXZhZ0ZGSnNsY0Q0WW9qUWhZbUlLMVF3OTd1SnVPN2VYYTBDZ1lFQXk0eHEKNGNra1RNWmJsYmlIUitJWmc5UFJrU2Q4dTZ5WUk0dkFsTTQrQzJ1c0F4a0tEaFNPVXAxN0crc2U5cE40UE5XYwo5aU1lT0FteDN3Z09XWlZoL003Q25DQVdNLzdNUTFWMERiRXpaeWZ0c2dhbWQvYWR6TEN6d21lQmxSZ1hCRzB5ClNkY2pSdWwxZXJYZm9IQlVpdndGZVNUQmNpUm1EUzU3RXVlOXdvMENnWUVBdkNka3lWRkRWNUIrb1l3ek40d0wKUFZaQkJuZjZDZ0MwODkzM2dLQWZQa21hUzF5c1NLSkNLNmIycndoRWs1TjhLZXRjU1o5cXcxdS9TMmFWM3RSSQp5UGkxVDYwdnM5aFY3elpjUVBxRlU3ZlNrSkxPRGNiQWl5MDZkY3AyempjRkFlRkVCMS9Va0Y5WDlLNWR4UFN1CmRrTjRzUUY1V3VYWDdUcktoQVZhTmRFQ2dZQjZlcnpacmRuTTVOSzVMYmNoVnZpNWJWeTk5ai9GQWg3dHpLc08KSDJnUUlUTDVEamtScmViUjZYYnBucm9iN3pLN2tHSUpiYXBDVi9zUzFGc21KcEEydWdjNlFNaDdjd2RnUU93NwpUUFE4VHpkbEYwRldFQ3gxdmFIOUNhRmNvSWxCSFovVDlNT0NhUHBLNDJOenZBUHpPYURsZTJ0M2psVmwreUVOCmlDcVVCUUtCZ1FEQjdaK0NYUVVyejc3YkVqZ2xVd1NuU05JRTNPakp4b2V3NUQ3cy92Z0h4OXlHVlJPWHAzZ2sKR2hmNnNQbU83eDNGck9PV1IwUHdMdkNnUlhsdG9Rb3hiVmM2RUFhZVVnTk5vYTNkb09RL1BTdEN5alBpSWJuOApSblJ4ODBNM1A0eVphZktIeEF5NkNmQVhOZVZJc2VkbXJVL0VFNHQ5UmR3UlJYbTMzMlhpU0E9PQotLS0tLUVORCBSU0EgUFJJVkFURSBLRVktLS0tLQo=",
                            "master_auth.0.cluster_ca_certificate": "LS0tLS1CRUdJTiBDRVJUSUZJQ0FURS0tLS0tCk1JSURERENDQWZTZ0F3SUJBZ0lSQU9pa3o3eUh4MHdmazRzZUdjTnZrRDB3RFFZSktvWklodmNOQVFFTEJRQXcKTHpFdE1Dc0dBMVVFQXhNa05UbG1OREl3TTJZdE16UTRPUzAwTURZd0xUazRNbVl0WmpJMFpURXhZekE1TUdFeApNQjRYRFRFNE1EY3dNakV3TlRBeE1Gb1hEVEl6TURjd01URXhOVEF4TUZvd0x6RXRNQ3NHQTFVRUF4TWtOVGxtCk5ESXdNMll0TXpRNE9TMDBNRFl3TFRrNE1tWXRaakkwWlRFeFl6QTVNR0V4TUlJQklqQU5CZ2txaGtpRzl3MEIKQVFFRkFBT0NBUThBTUlJQkNnS0NBUUVBMWxxaUpGRGFNZTVnak5KVXJCRG5KZ2Y2YzZ2bWF3T3R3WVo2a0RrLwpYNk9qdVI2WVhadUNIRTBBT044dkpqYjFrQ0o0UVVhTFpsWjM4RkdmWU9pTmlOWHRFSHJzWGxlUGFKb0NIV2tkCkhBSnRhalNxR2YwS0hzZDFGdlNNaThrRCs4bVpSOUZWUlNGNVk3RFJZdFg5enZ1M2lFUWl1TC8wSm5OcW5sUXkKSXl6Ukt3SlpwS0ZPaUJEWHF5M0lkYXgrakEwcTRCS09CNUljcDdwSm5GNFlyWTdNOHZudFVpVU1OdGVQUXByVApXaStOdmVPeWFKdjBaRC9QNDl3U2dLZTcyRkMxTEJaMTF1OXhKblNVMzZoSHdYc20za0lBL3p2cHVwK3FHZThICkpFNGdUajhsdXNnOXc2b0VJYzJHMXVqZUU3ZUJUWHR5eWZyM3QxeitFVWZLTHdJREFRQUJveU13SVRBT0JnTlYKSFE4QkFmOEVCQU1DQWdRd0R3WURWUjBUQVFIL0JBVXdBd0VCL3pBTkJna3Foa2lHOXcwQkFRc0ZBQU9DQVFFQQp3RkhHVFZwUTY2RjhnV28rdnRyRTQrNkFmT3hnN2tqSnVDSjVZSjUrdmo1WE53NHFGVHFDeUJmNis2aFB4ZXh6CitxWXZqQWVYa0IveDl2SWVHMERWQXlQVklEWDdlSzhkaGtIUWlBNXZMNlB2aGsxWVpCQVlEVEZOK25NalN5ZzIKMldHOUJac25QY1NaM2ZDN0h4SkpacVZLMnZ3RzU5T09CdmZIcWJPbkRsaFhEdkVSRWJ0TmwvWnZOVFBqT0lEOQpCQVVxVjB3RkVocFU4cUZZTjlIWkFFVnI4d2FocmtmR3JOSXQ4bmQvNkJId2E3cm5VQnhhdGNKRTJDd1ZQemxFCk84dWRGQzVtS1ZFb2JLQTVNWEZuQ093U05EL0Q5eG1OVGlJMnEzekpVV0NZWks1d3RwZElHNVdINm8yOFdkUVIKRm5aNWxLWndPK1RHZXBCaXRMa291Zz09Ci0tLS0tRU5EIENFUlRJRklDQVRFLS0tLS0K",
                            "master_auth.0.password": "byfRnKrdOZJVSmoU",
                            "master_auth.0.username": "admin",
                            "master_authorized_networks_config.#": "0",
                            "master_ipv4_cidr_block": "",
                            "master_version": "1.9.6-gke.1",
                            "min_master_version": "1.9.6-gke.1",
                            "monitoring_service": "monitoring.googleapis.com",
                            "name": "hanifa",
                            "network": "projects/a8uhnf2/global/networks/default",
                            "network_policy.#": "1",
                            "network_policy.0.enabled": "false",
                            "network_policy.0.provider": "PROVIDER_UNSPECIFIED",
                            "node_config.#": "1",
                            "node_config.0.disk_size_gb": "100",
                            "node_config.0.guest_accelerator.#": "0",
                            "node_config.0.image_type": "COS",
                            "node_config.0.labels.%": "0",
                            "node_config.0.local_ssd_count": "0",
                            "node_config.0.machine_type": "n1-standard-1",
                            "node_config.0.metadata.%": "0",
                            "node_config.0.min_cpu_platform": "",
                            "node_config.0.oauth_scopes.#": "6",
                            "node_config.0.oauth_scopes.1277378754": "https://www.googleapis.com/auth/monitoring",
                            "node_config.0.oauth_scopes.1632638332": "https://www.googleapis.com/auth/devstorage.read_only",
                            "node_config.0.oauth_scopes.172152165": "https://www.googleapis.com/auth/logging.write",
                            "node_config.0.oauth_scopes.316356861": "https://www.googleapis.com/auth/service.management.readonly",
                            "node_config.0.oauth_scopes.3663490875": "https://www.googleapis.com/auth/servicecontrol",
                            "node_config.0.oauth_scopes.3859019814": "https://www.googleapis.com/auth/trace.append",
                            "node_config.0.preemptible": "false",
                            "node_config.0.service_account": "default",
                            "node_config.0.tags.#": "0",
                            "node_config.0.taint.#": "0",
                            "node_config.0.workload_metadata_config.#": "0",
                            "node_pool.#": "1",
                            "node_pool.0.autoscaling.#": "0",
                            "node_pool.0.initial_node_count": "2",
                            "node_pool.0.instance_group_urls.#": "1",
                            "node_pool.0.instance_group_urls.0": "https://www.googleapis.com/compute/v1/projects/a8uhnf2/zones/us-central1-a/instanceGroupManagers/gke-hanifa-default-pool-8b3363dc-grp",
                            "node_pool.0.management.#": "1",
                            "node_pool.0.management.0.auto_repair": "false",
                            "node_pool.0.management.0.auto_upgrade": "false",
                            "node_pool.0.name": "default-pool",
                            "node_pool.0.name_prefix": "",
                            "node_pool.0.node_config.#": "1",
                            "node_pool.0.node_config.0.disk_size_gb": "100",
                            "node_pool.0.node_config.0.guest_accelerator.#": "0",
                            "node_pool.0.node_config.0.image_type": "COS",
                            "node_pool.0.node_config.0.labels.%": "0",
                            "node_pool.0.node_config.0.local_ssd_count": "0",
                            "node_pool.0.node_config.0.machine_type": "n1-standard-1",
                            "node_pool.0.node_config.0.metadata.%": "0",
                            "node_pool.0.node_config.0.min_cpu_platform": "",
                            "node_pool.0.node_config.0.oauth_scopes.#": "6",
                            "node_pool.0.node_config.0.oauth_scopes.1277378754": "https://www.googleapis.com/auth/monitoring",
                            "node_pool.0.node_config.0.oauth_scopes.1632638332": "https://www.googleapis.com/auth/devstorage.read_only",
                            "node_pool.0.node_config.0.oauth_scopes.172152165": "https://www.googleapis.com/auth/logging.write",
                            "node_pool.0.node_config.0.oauth_scopes.316356861": "https://www.googleapis.com/auth/service.management.readonly",
                            "node_pool.0.node_config.0.oauth_scopes.3663490875": "https://www.googleapis.com/auth/servicecontrol",
                            "node_pool.0.node_config.0.oauth_scopes.3859019814": "https://www.googleapis.com/auth/trace.append",
                            "node_pool.0.node_config.0.preemptible": "false",
                            "node_pool.0.node_config.0.service_account": "default",
                            "node_pool.0.node_config.0.tags.#": "0",
                            "node_pool.0.node_config.0.taint.#": "0",
                            "node_pool.0.node_config.0.workload_metadata_config.#": "0",
                            "node_pool.0.node_count": "2",
                            "node_pool.0.version": "1.9.6-gke.1",
                            "node_version": "1.9.6-gke.1",
                            "pod_security_policy_config.#": "0",
                            "private_cluster": "false",
                            "project": "a8uhnf2",
                            "subnetwork": "projects/a8uhnf2/regions/us-central1/subnetworks/default",
                            "zone": "us-central1-a"
                        },
                        "meta": {
                            "e2bfb730-ecaa-11e6-8f88-34363bc7c4c0": {
                                "create": 1800000000000,
                                "delete": 600000000000,
                                "update": 600000000000
                            },
                            "schema_version": "1"
                        },
                        "tainted": false
                    },
                    "deposed": [],
                    "provider": "provider.google"
                }
            },
            "depends_on": []
        }
    ]
}
