{
    "version": 3,
    "terraform_version": "0.11.7",
    "serial": 3,
    "lineage": "537fb1c6-10aa-8ef7-498e-a63dddca7da3",
    "modules": [
        {
            "path": [
                "root"
            ],
            "outputs": {},
            "resources": {
                "google_container_cluster.primary": {
                    "type": "google_container_cluster",
                    "depends_on": [],
                    "primary": {
                        "id": "hanifa",
                        "attributes": {
                            "additional_zones.#": "0",
                            "addons_config.#": "1",
                            "addons_config.0.horizontal_pod_autoscaling.#": "0",
                            "addons_config.0.http_load_balancing.#": "0",
                            "addons_config.0.kubernetes_dashboard.#": "0",
                            "addons_config.0.network_policy_config.#": "1",
                            "addons_config.0.network_policy_config.0.disabled": "true",
                            "cluster_ipv4_cidr": "10.52.0.0/14",
                            "description": "",
                            "enable_kubernetes_alpha": "false",
                            "enable_legacy_abac": "false",
                            "endpoint": "104.197.192.62",
                            "id": "hanifa",
                            "initial_node_count": "2",
                            "instance_group_urls.#": "1",
                            "instance_group_urls.0": "https://www.googleapis.com/compute/v1/projects/a8uhnf2/zones/us-central1-a/instanceGroups/gke-hanifa-default-pool-abc9e9c2-grp",
                            "ip_allocation_policy.#": "0",
                            "logging_service": "none",
                            "maintenance_policy.#": "0",
                            "master_auth.#": "1",
                            "master_auth.0.client_certificate": "LS0tLS1CRUdJTiBDRVJUSUZJQ0FURS0tLS0tCk1JSUMyekNDQWNPZ0F3SUJBZ0lSQUsrdVhWTVNkZ0R5elJJK1I0RDVvTHN3RFFZSktvWklodmNOQVFFTEJRQXcKTHpFdE1Dc0dBMVVFQXhNa1lURmlOVEZtWVRFdFlXVmtNQzAwTkdFNUxXRTRaREl0WlRSbVlURTFOV000TjJRNApNQjRYRFRFNE1EY3dNakV5TVRnMU1sb1hEVEl6TURjd01URXlNVGcxTWxvd0VURVBNQTBHQTFVRUF4TUdZMnhwClpXNTBNSUlCSWpBTkJna3Foa2lHOXcwQkFRRUZBQU9DQVE4QU1JSUJDZ0tDQVFFQXNVcW5wS21pMW1QUEFibk4KTjJ1R0xBZjI5RFpPdU9FSTFOOEZGODhVeUhVSDVxZG15RllYelkxWWJ1djN2aXJTdlBhbUxDbmI0SDQ3V0RHbwppaXJCdEFwYWptK28rb0RlMnZxazNYNENxN1hrU1JjcmszdENRR09PcXNLTUdBaEZzSktpd2pNWDdpbjRpcU02ClpEUHJINUp3d3NPM21zakt1N3MrN3dTaWg0UnM1NmxiTnFFK09URkFScHVaL2txK0ZYaXpxWXo1THJEUENSVUkKUTRFUDVyN09obk52Rit2T0xlSUxzaWZIME9yNlVwSHRuRGFPOEppNG96Qzcva2pJYm80dU5OR3B5UDY1UlpQdQp1YXZrWXlKb0FvYlZYb1Z0RlRiZS9HVTVxMm0vN2ZSZ1JHcTN5aVA1R1NWc3RRUnBTWWk0UEhtM1dPNDF3dkUxCmFoRDI5UUlEQVFBQm94QXdEakFNQmdOVkhSTUJBZjhFQWpBQU1BMEdDU3FHU0liM0RRRUJDd1VBQTRJQkFRQ00KOE1xNTRKak01cU50RHVkbFBhZk5GOUM4QitnTGpjZEpUMG0wMXUrNjRzMHRlRVJyV2RaVk5DMUVwYS9NU3JoOAozWlh4UEpaamhRLzUwUWFCTUx1eU5oc0ExaWxqaVNuUDRyS0RDbkhsK2pUcW1XTnhkaUdyS1BCSlJkLzBERGVZCnNOc0pZZHR4T3k0OCsyZC95bGtwZ1VDaHdMb2R0dFJMOGplbjRXZlVWdXBUZ2dwc25ITjBwSWVjT3BDYjZjM28KMzhEdmUxSXV1S1JTcWhrYVgxaUV6ZER6aHZYbFpveDNZVmtuY0g4V1dRaU9JVEg4QW4xL1JTNk9Cajd4bzZDLwpWem82aW5Pb2duRklpcmZPMUJZTEM0bWVqNmRrV3VEYXV4eU1hT2l3ZkZLYmdrM3RTWlBkN2NtcHFJTXA0Tm5TClg2WGk5K1FmR1AySmhlODBnajZtCi0tLS0tRU5EIENFUlRJRklDQVRFLS0tLS0K",
                            "master_auth.0.client_certificate_config.#": "0",
                            "master_auth.0.client_key": "LS0tLS1CRUdJTiBSU0EgUFJJVkFURSBLRVktLS0tLQpNSUlFb3dJQkFBS0NBUUVBc1VxbnBLbWkxbVBQQWJuTk4ydUdMQWYyOURaT3VPRUkxTjhGRjg4VXlIVUg1cWRtCnlGWVh6WTFZYnV2M3ZpclN2UGFtTENuYjRINDdXREdvaWlyQnRBcGFqbStvK29EZTJ2cWszWDRDcTdYa1NSY3IKazN0Q1FHT09xc0tNR0FoRnNKS2l3ak1YN2luNGlxTTZaRFBySDVKd3dzTzNtc2pLdTdzKzd3U2loNFJzNTZsYgpOcUUrT1RGQVJwdVova3ErRlhpenFZejVMckRQQ1JVSVE0RVA1cjdPaG5OdkYrdk9MZUlMc2lmSDBPcjZVcEh0Cm5EYU84Smk0b3pDNy9raklibzR1Tk5HcHlQNjVSWlB1dWF2a1l5Sm9Bb2JWWG9WdEZUYmUvR1U1cTJtLzdmUmcKUkdxM3lpUDVHU1ZzdFFScFNZaTRQSG0zV080MXd2RTFhaEQyOVFJREFRQUJBb0lCQURyZm9xb0FsdzJBbVdabQpUK3ArYjFEQjJGVWlqNk8vUHRLSnVNUStSUldJSDNhTjBvam1aZ01oVStPSndueEk5akEvNjlDd21jNkR2S3M5CjJrei9nOUdJdXFlZ0Zzb1E3M0JpV1VzZ0pEem5Ld2JHaGZiMHNIeDNVeElMaHNBWVJ5UXFuWmZGcGNXMTlFMzkKaEU5d0dqMGl3UVU4UHdWTWRsNC9BTmdZZnV4bkU5NXRiVGJoWnM4L3FNbjhrM2lYTjdtWkd1MXM3ZUF1T0NxNwpzZUZiSXZGRldCdW1BaWhXR2ZyUVdtQjVHQXFyNDRIZExTbVpxK0dvKy9IZERLY0VDaEpzbnVGVHJ1VS9wajdMCnQ5czY5WWkrb1ZFZGNzdUpTWE9NTitzTmIwME5QSkhKaVZpVXliaDNFOWE2TVRrYkdxRmp5cFljQnc5cVhyNFgKbU82NnF1VUNnWUVBN3l0ZDI5UjhReXdyU0pLUU93K2pqbzdCbjNpdG91My82aUdSWGZLRmhqNFBmZlZjMm80MQpaaFNqbkRDYmI4MFFaZ2JwWHNUclJ6VDY1a05hb2I1Y0k4V3AyelJRRzVJOWMrRFBqeHBDcmlzcnVFNExHM2Q0Cit2ZGFyTjNZNy9kU3NVZnZnVDBjWnR1NGJWbmRGZGNINVFrYVYzdEMxckhCbkpEMUJrWW5pa01DZ1lFQXZjU1AKbGljeFFOSmovVTZEVUVrRlQyVUVFdWNKaHc1eklrWGVIYjh6MVJRN09HclBURmdGcjZTRzBzYlp6RE9vNmRidgo0NVc2aEoxZENRME1QZkFwbkRoYnF6ek1DV2pTOGZidmcwbjZWZkozSTNUdUhJbEN0WUpoTEFYYVp3TG9mZHMrCjZLQTJjZjZQdWI0L1B6NU1kaTFldUxoaWhEK3dkZktXLzIvbjhtY0NnWUVBMk1CU3BhR2lwRFhwWERJSHFKNzUKdVg3REYwV0ZCMzN1U2ovMXdGREVsZTYwbDVEQWdBb1ZkdGdKbHNtdWROcEJuRlZ6TmtIOGdHSVJhSkZ1Rjl1dgpJWFJJQmJNWlRvTndVZzVSelAwZHBUN1d0b2QwSllaWERBc1VFRXBXQ3RQNEMxYUlSbllkd1ZJcmlGN0NzTUphCkUwWDJxNFc0QTE3QmVxVWNpbjBWNUlVQ2dZQmVNdmhqdk1qQ09LM1J5K3Q3S3dRcnlTVWdqUGM1eDM1M2dOOGwKUFFocHVVVThXQ2pXNk1ySnlZM3ppeW9LSjRxdHFUZ2piT3ZOY0tBQ0lpdjFnd1hrdWtVbTEyTWhPSnVkNk1vMApEY0RxY1JXYTBDeHlsZUE3WWFFQ3pWVUExWHk3SE40NWMyNFRZQjNRUWhQN1BOMlB2QzNNM0Jwck00SlF5ajhTClJXYUorUUtCZ0grOFdzQldxKy9BZGtsb0szNmtoU0FHSldJMHRBS2lndmxoV3pZS2JLdU9Rcm82OEFHbUIvanEKVGxRYi9tSTdTZ2pZMm9yR21QOUdEdTVxc3EyZVgwSHA2K2RWTW05dDkyRTAvc216WDhSTHpCQmlZMy9nN09NMgp0RE9UVjlNYWRSZnowcHl0WmJRZTByWlR6VTk0c1NKVEpNL0JHS2dHNk9QRXdpUEdoNDdBCi0tLS0tRU5EIFJTQSBQUklWQVRFIEtFWS0tLS0tCg==",
                            "master_auth.0.cluster_ca_certificate": "LS0tLS1CRUdJTiBDRVJUSUZJQ0FURS0tLS0tCk1JSURERENDQWZTZ0F3SUJBZ0lSQUpqckt0VmtBMDVHNGVTb244MitFeG93RFFZSktvWklodmNOQVFFTEJRQXcKTHpFdE1Dc0dBMVVFQXhNa1lURmlOVEZtWVRFdFlXVmtNQzAwTkdFNUxXRTRaREl0WlRSbVlURTFOV000TjJRNApNQjRYRFRFNE1EY3dNakV4TVRnMU1Wb1hEVEl6TURjd01URXlNVGcxTVZvd0x6RXRNQ3NHQTFVRUF4TWtZVEZpCk5URm1ZVEV0WVdWa01DMDBOR0U1TFdFNFpESXRaVFJtWVRFMU5XTTROMlE0TUlJQklqQU5CZ2txaGtpRzl3MEIKQVFFRkFBT0NBUThBTUlJQkNnS0NBUUVBbkFqNGFleEtkaURoY25lcnVsdkg2dGlkQzh0VHA4OW9GVXplV1h3YQorcHhsZ1lJNXZtVzJwdzdQV2QzVFp6STlKTVBFTnJtSWl1UVlNZVpCS0lxM2FseEJWY0VJVHFURWdzRVVENFltCmgvNldkcDR2b0pvWk1KcFpIM2QxdkhYejJkT21HakE3Mkp0VHdGMnpyYmFXWjJxU2xxanhyYjFnTEZtcjQycHgKbGNtN3ByNlF4N05lY3VEeE04RTVzNmlRNlZ4eWVvZmZRNFdMTkx4dG05QXh0OG9pNEgzejhGS3JxWHE1V1JVVQp4YWNsVVlLTW9zTE0wbTJ3RjBrNWJndEtGZVp6OXZOYloyL1V5M2I3TXcwTDg5YWp5cTVjbFZUU1J5NUpHbXhNCnJMRjJESERCTFBSNW5idzlvclVTMGY4NTdpR251SXZxKzBSNzNKTDNEQ2FiaFFJREFRQUJveU13SVRBT0JnTlYKSFE4QkFmOEVCQU1DQWdRd0R3WURWUjBUQVFIL0JBVXdBd0VCL3pBTkJna3Foa2lHOXcwQkFRc0ZBQU9DQVFFQQpXbEUzaU5oK2l2UWVyUUljNkV1ZDVzR1VPanZjejc1Z2IxQ2tBc3lteHlnUVFXUmZKL1l3d1oxQTBPd1E3K3RnCjJVYzlrTzJVSnZuZVV0cU5Pc21XM3k2bW9UYVBDaUNMdlBzais5S0lkTGx4NGNqYUFVd1poRDRzTzVTekZ5c3IKRDhId3ZZaEw4Uy9qZHhlR1NSRmYzczNRMVdBUWNVb1F5NTZSZDhaTlFnWHFYaHBaK1NHZmV0VVhieGp3YjhWUAoxalA1b1JwUCtKRnZsVDNJUTg5OEd5Z2JFbmxxTEhFRkRDcklmY2xiWGdCSGIyRlAyMGNxU0lCWXpIcmRWd3NzCjQrakNPd3RJQVpHblhDQlZkckozTjdseElmMThDd083YkZOUXYyTUdCMm8xcWNvRnp3M1NsMktjbFpxdnZzcFgKaHluUzZxOC8xOWhYejkxZHJiRDZnZz09Ci0tLS0tRU5EIENFUlRJRklDQVRFLS0tLS0K",
                            "master_auth.0.password": "vUDSvlorrb6Ib4VR",
                            "master_auth.0.username": "admin",
                            "master_authorized_networks_config.#": "0",
                            "master_ipv4_cidr_block": "",
                            "master_version": "1.9.6-gke.1",
                            "min_master_version": "1.9.6-gke.1",
                            "monitoring_service": "monitoring.googleapis.com",
                            "name": "hanifa",
                            "network": "projects/a8uhnf2/global/networks/default",
                            "network_policy.#": "1",
                            "network_policy.0.enabled": "false",
                            "network_policy.0.provider": "PROVIDER_UNSPECIFIED",
                            "node_config.#": "1",
                            "node_config.0.disk_size_gb": "100",
                            "node_config.0.guest_accelerator.#": "0",
                            "node_config.0.image_type": "COS",
                            "node_config.0.labels.%": "0",
                            "node_config.0.local_ssd_count": "0",
                            "node_config.0.machine_type": "n1-standard-1",
                            "node_config.0.metadata.%": "0",
                            "node_config.0.min_cpu_platform": "",
                            "node_config.0.oauth_scopes.#": "6",
                            "node_config.0.oauth_scopes.1277378754": "https://www.googleapis.com/auth/monitoring",
                            "node_config.0.oauth_scopes.1632638332": "https://www.googleapis.com/auth/devstorage.read_only",
                            "node_config.0.oauth_scopes.172152165": "https://www.googleapis.com/auth/logging.write",
                            "node_config.0.oauth_scopes.316356861": "https://www.googleapis.com/auth/service.management.readonly",
                            "node_config.0.oauth_scopes.3663490875": "https://www.googleapis.com/auth/servicecontrol",
                            "node_config.0.oauth_scopes.3859019814": "https://www.googleapis.com/auth/trace.append",
                            "node_config.0.preemptible": "false",
                            "node_config.0.service_account": "default",
                            "node_config.0.tags.#": "0",
                            "node_config.0.taint.#": "0",
                            "node_config.0.workload_metadata_config.#": "0",
                            "node_pool.#": "1",
                            "node_pool.0.autoscaling.#": "0",
                            "node_pool.0.initial_node_count": "2",
                            "node_pool.0.instance_group_urls.#": "1",
                            "node_pool.0.instance_group_urls.0": "https://www.googleapis.com/compute/v1/projects/a8uhnf2/zones/us-central1-a/instanceGroupManagers/gke-hanifa-default-pool-abc9e9c2-grp",
                            "node_pool.0.management.#": "1",
                            "node_pool.0.management.0.auto_repair": "false",
                            "node_pool.0.management.0.auto_upgrade": "false",
                            "node_pool.0.name": "default-pool",
                            "node_pool.0.name_prefix": "",
                            "node_pool.0.node_config.#": "1",
                            "node_pool.0.node_config.0.disk_size_gb": "100",
                            "node_pool.0.node_config.0.guest_accelerator.#": "0",
                            "node_pool.0.node_config.0.image_type": "COS",
                            "node_pool.0.node_config.0.labels.%": "0",
                            "node_pool.0.node_config.0.local_ssd_count": "0",
                            "node_pool.0.node_config.0.machine_type": "n1-standard-1",
                            "node_pool.0.node_config.0.metadata.%": "0",
                            "node_pool.0.node_config.0.min_cpu_platform": "",
                            "node_pool.0.node_config.0.oauth_scopes.#": "6",
                            "node_pool.0.node_config.0.oauth_scopes.1277378754": "https://www.googleapis.com/auth/monitoring",
                            "node_pool.0.node_config.0.oauth_scopes.1632638332": "https://www.googleapis.com/auth/devstorage.read_only",
                            "node_pool.0.node_config.0.oauth_scopes.172152165": "https://www.googleapis.com/auth/logging.write",
                            "node_pool.0.node_config.0.oauth_scopes.316356861": "https://www.googleapis.com/auth/service.management.readonly",
                            "node_pool.0.node_config.0.oauth_scopes.3663490875": "https://www.googleapis.com/auth/servicecontrol",
                            "node_pool.0.node_config.0.oauth_scopes.3859019814": "https://www.googleapis.com/auth/trace.append",
                            "node_pool.0.node_config.0.preemptible": "false",
                            "node_pool.0.node_config.0.service_account": "default",
                            "node_pool.0.node_config.0.tags.#": "0",
                            "node_pool.0.node_config.0.taint.#": "0",
                            "node_pool.0.node_config.0.workload_metadata_config.#": "0",
                            "node_pool.0.node_count": "2",
                            "node_pool.0.version": "1.9.6-gke.1",
                            "node_version": "1.9.6-gke.1",
                            "pod_security_policy_config.#": "0",
                            "private_cluster": "false",
                            "project": "a8uhnf2",
                            "subnetwork": "projects/a8uhnf2/regions/us-central1/subnetworks/default",
                            "zone": "us-central1-a"
                        },
                        "meta": {
                            "e2bfb730-ecaa-11e6-8f88-34363bc7c4c0": {
                                "create": 1800000000000,
                                "delete": 600000000000,
                                "update": 600000000000
                            },
                            "schema_version": "1"
                        },
                        "tainted": false
                    },
                    "deposed": [],
                    "provider": "provider.google"
                }
            },
            "depends_on": []
        }
    ]
}
